{
  "name": "vue-summernote",
  "version": "1.0.0",
  "lockfileVersion": 1,
  "requires": true,
  "dependencies": {
    "de-indent": {
      "version": "1.0.2",
      "resolved": "https://registry.npmjs.org/de-indent/-/de-indent-1.0.2.tgz",
      "integrity": "sha1-sgOOhG3DO6pXlhKNCAS0VbjB4h0=",
      "dev": true
    },
    "he": {
      "version": "1.2.0",
      "resolved": "https://registry.npmjs.org/he/-/he-1.2.0.tgz",
      "integrity": "sha512-F/1DnUGPopORZi0ni+CvrCgHQ5FyEAHRLSApuYWMmrbSwoN2Mn/7k+Gl38gJnR7yyDZk6WLXwiGod1JOWNDKGw==",
      "dev": true
    },
    "jquery": {
      "version": "3.5.0",
      "resolved": "https://registry.npmjs.org/jquery/-/jquery-3.5.0.tgz",
      "integrity": "sha512-Xb7SVYMvygPxbFMpTFQiHh1J7HClEaThguL15N/Gg37Lri/qKyhRGZYzHRyLH8Stq3Aow0LsHO2O2ci86fCrNQ=="
    },
    "summernote": {
      "version": "0.8.15",
      "resolved": "https://registry.npmjs.org/summernote/-/summernote-0.8.15.tgz",
      "integrity": "sha512-52DYp7BWOLsAteMLHg+1pDgQMP5e6IfXmTpl4XnfY5JIMlOLUQtq6/5xwoV4C2d8T6xjvfuYJom9W2/4z28IeQ==",
      "requires": {
        "jquery": "^3.4.1"
      }
    },
    "vue": {
      "version": "2.6.11",
      "resolved": "https://registry.npmjs.org/vue/-/vue-2.6.11.tgz",
      "integrity": "sha512-VfPwgcGABbGAue9+sfrD4PuwFar7gPb1yl1UK1MwXoQPAw0BKSqWfoYCT/ThFrdEVWoI51dBuyCoiNU9bZDZxQ==",
      "dev": true
    },
    "vue-class-component": {
      "version": "7.2.2",
      "resolved": "https://registry.npmjs.org/vue-class-component/-/vue-class-component-7.2.2.tgz",
      "integrity": "sha512-QjVfjRffux0rUBNtxr1hvUxDrfifDvk9q/OSdB/sKIlfxAudDF2E1YTeiEC+qOYIOOBGWkgSKQSnast6H+S38w=="
    },
    "vue-property-decorator": {
      "version": "8.3.0",
      "resolved": "https://registry.npmjs.org/vue-property-decorator/-/vue-property-decorator-8.3.0.tgz",
      "integrity": "sha512-77YtTbZHd5CNiPzbqv51kEgL48yvD2dUDfF28vEyw3MbQ9bBAb/tDyFzskcqjNRbWyXk1vq4oM2CK/LfhxuIBg==",
      "requires": {
        "vue-class-component": "^7.1.0"
      }
    },
    "vue-template-compiler": {
      "version": "2.6.11",
      "resolved": "https://registry.npmjs.org/vue-template-compiler/-/vue-template-compiler-2.6.11.tgz",
      "integrity": "sha512-KIq15bvQDrcCjpGjrAhx4mUlyyHfdmTaoNfeoATHLAiWB+MU3cx4lOzMwrnUh9cCxy0Lt1T11hAFY6TQgroUAA==",
      "dev": true,
      "requires": {
        "de-indent": "^1.0.2",
        "he": "^1.1.0"
      }
    }
  }
}
